
Microsoft Visual Studio Solution File, Format Version 12.00
# Visual Studio Version 17
VisualStudioVersion = 17.1.32210.238
MinimumVisualStudioVersion = 10.0.40219.1
Project("{FAE04EC0-301F-11D3-BF4B-00C04F79EFBC}") = "CapaPresentacion", "CapaPresentacion\CapaPresentacion.csproj", "{FC6157FA-8617-48A2-B18E-25989B97F997}"
EndProject
Project("{FAE04EC0-301F-11D3-BF4B-00C04F79EFBC}") = "CapaEntidad", "CapaEntidad\CapaEntidad.csproj", "{C00C5E8C-6C5A-4E22-BA0E-0A10E6530AAB}"
EndProject
Project("{FAE04EC0-301F-11D3-BF4B-00C04F79EFBC}") = "CapaNegocio", "CapaNegocio\CapaNegocio.csproj", "{A492E5A6-7A6A-4DE6-88EB-799833DBE238}"
EndProject
Project("{FAE04EC0-301F-11D3-BF4B-00C04F79EFBC}") = "CapaDatos", "CapaDatos\CapaDatos.csproj", "{781781C6-DA0F-4095-961A-815DC2B2724A}"
EndProject
Project("{2150E333-8FDC-42A3-9474-1A3956D46DE8}") = "Solution Items", "Solution Items", "{42B82A46-C403-4EDE-8F60-8EF3FE81DB38}"
	ProjectSection(SolutionItems) = preProject
		.editorconfig = .editorconfig
	EndProjectSection
EndProject
Global
	GlobalSection(SolutionConfigurationPlatforms) = preSolution
		Debug|Any CPU = Debug|Any CPU
		Release|Any CPU = Release|Any CPU
	EndGlobalSection
	GlobalSection(ProjectConfigurationPlatforms) = postSolution
		{FC6157FA-8617-48A2-B18E-25989B97F997}.Debug|Any CPU.ActiveCfg = Debug|Any CPU
		{FC6157FA-8617-48A2-B18E-25989B97F997}.Debug|Any CPU.Build.0 = Debug|Any CPU
		{FC6157FA-8617-48A2-B18E-25989B97F997}.Release|Any CPU.ActiveCfg = Release|Any CPU
		{FC6157FA-8617-48A2-B18E-25989B97F997}.Release|Any CPU.Build.0 = Release|Any CPU
		{C00C5E8C-6C5A-4E22-BA0E-0A10E6530AAB}.Debug|Any CPU.ActiveCfg = Debug|Any CPU
		{C00C5E8C-6C5A-4E22-BA0E-0A10E6530AAB}.Debug|Any CPU.Build.0 = Debug|Any CPU
		{C00C5E8C-6C5A-4E22-BA0E-0A10E6530AAB}.Release|Any CPU.ActiveCfg = Release|Any CPU
		{C00C5E8C-6C5A-4E22-BA0E-0A10E6530AAB}.Release|Any CPU.Build.0 = Release|Any CPU
		{A492E5A6-7A6A-4DE6-88EB-799833DBE238}.Debug|Any CPU.ActiveCfg = Debug|Any CPU
		{A492E5A6-7A6A-4DE6-88EB-799833DBE238}.Debug|Any CPU.Build.0 = Debug|Any CPU
		{A492E5A6-7A6A-4DE6-88EB-799833DBE238}.Release|Any CPU.ActiveCfg = Release|Any CPU
		{A492E5A6-7A6A-4DE6-88EB-799833DBE238}.Release|Any CPU.Build.0 = Release|Any CPU
		{781781C6-DA0F-4095-961A-815DC2B2724A}.Debug|Any CPU.ActiveCfg = Debug|Any CPU
		{781781C6-DA0F-4095-961A-815DC2B2724A}.Debug|Any CPU.Build.0 = Debug|Any CPU
		{781781C6-DA0F-4095-961A-815DC2B2724A}.Release|Any CPU.ActiveCfg = Release|Any CPU
		{781781C6-DA0F-4095-961A-815DC2B2724A}.Release|Any CPU.Build.0 = Release|Any CPU
	EndGlobalSection
	GlobalSection(SolutionProperties) = preSolution
		HideSolutionNode = FALSE
	EndGlobalSection
	GlobalSection(ExtensibilityGlobals) = postSolution
		SolutionGuid = {A2874288-D905-47CB-9D79-DEC1E2A355F0}
	EndGlobalSection
EndGlobal
